
Microsoft Visual Studio Solution File, Format Version 12.00
# Visual Studio Version 16
VisualStudioVersion = 16.0.29403.142
MinimumVisualStudioVersion = 10.0.40219.1
Project("{8BC9CEB8-8B4A-11D0-8D11-00A0C91BC942}") = "A_PrimeNumberGenerator", "A_PrimeNumberGenerator.vcxproj", "{9D58C84B-2646-4D83-A5CD-6BB3801895AB}"
EndProject
Global
	GlobalSection(SolutionConfigurationPlatforms) = preSolution
		Debug|x64 = Debug|x64
		Debug|x86 = Debug|x86
		Release|x64 = Release|x64
		Release|x86 = Release|x86
	EndGlobalSection
	GlobalSection(ProjectConfigurationPlatforms) = postSolution
		{9D58C84B-2646-4D83-A5CD-6BB3801895AB}.Debug|x64.ActiveCfg = Debug|x64
		{9D58C84B-2646-4D83-A5CD-6BB3801895AB}.Debug|x64.Build.0 = Debug|x64
		{9D58C84B-2646-4D83-A5CD-6BB3801895AB}.Debug|x86.ActiveCfg = Debug|Win32
		{9D58C84B-2646-4D83-A5CD-6BB3801895AB}.Debug|x86.Build.0 = Debug|Win32
		{9D58C84B-2646-4D83-A5CD-6BB3801895AB}.Release|x64.ActiveCfg = Release|x64
		{9D58C84B-2646-4D83-A5CD-6BB3801895AB}.Release|x64.Build.0 = Release|x64
		{9D58C84B-2646-4D83-A5CD-6BB3801895AB}.Release|x86.ActiveCfg = Release|Win32
		{9D58C84B-2646-4D83-A5CD-6BB3801895AB}.Release|x86.Build.0 = Release|Win32
	EndGlobalSection
	GlobalSection(SolutionProperties) = preSolution
		HideSolutionNode = FALSE
	EndGlobalSection
	GlobalSection(ExtensibilityGlobals) = postSolution
		SolutionGuid = {4DEA0007-F901-4DF5-98FF-60BF35A64BF4}
	EndGlobalSection
EndGlobal
